
Microsoft Visual Studio Solution File, Format Version 12.00
# Visual Studio 2012
Project("{FAE04EC0-301F-11D3-BF4B-00C04F79EFBC}") = "4- Gioco della Vita", "4- Gioco della Vita\4- Gioco della Vita.csproj", "{337E68AE-B285-4F9A-8A14-696D738DF326}"
EndProject
Global
	GlobalSection(SolutionConfigurationPlatforms) = preSolution
		Debug|Any CPU = Debug|Any CPU
		Release|Any CPU = Release|Any CPU
	EndGlobalSection
	GlobalSection(ProjectConfigurationPlatforms) = postSolution
		{337E68AE-B285-4F9A-8A14-696D738DF326}.Debug|Any CPU.ActiveCfg = Debug|Any CPU
		{337E68AE-B285-4F9A-8A14-696D738DF326}.Debug|Any CPU.Build.0 = Debug|Any CPU
		{337E68AE-B285-4F9A-8A14-696D738DF326}.Release|Any CPU.ActiveCfg = Release|Any CPU
		{337E68AE-B285-4F9A-8A14-696D738DF326}.Release|Any CPU.Build.0 = Release|Any CPU
	EndGlobalSection
	GlobalSection(SolutionProperties) = preSolution
		HideSolutionNode = FALSE
	EndGlobalSection
EndGlobal
